
Microsoft Visual Studio Solution File, Format Version 12.00
# Visual Studio 2017
Project("{FAE04EC0-301F-11D3-BF4B-00C04F79EFBC}") = "Project CoolGuy", "Project CoolGuy.csproj", "{84A93DA3-2FD0-7554-72B9-2D96BFDDDCEB}"
EndProject
Project("{FAE04EC0-301F-11D3-BF4B-00C04F79EFBC}") = "Project CoolGuy.Editor", "Project CoolGuy.Editor.csproj", "{BB066869-A09B-8EDF-80A6-6604265B58A5}"
EndProject
Global
	GlobalSection(SolutionConfigurationPlatforms) = preSolution
		Debug|Any CPU = Debug|Any CPU
		Release|Any CPU = Release|Any CPU
	EndGlobalSection
	GlobalSection(ProjectConfigurationPlatforms) = postSolution
		{84A93DA3-2FD0-7554-72B9-2D96BFDDDCEB}.Debug|Any CPU.ActiveCfg = Debug|Any CPU
		{84A93DA3-2FD0-7554-72B9-2D96BFDDDCEB}.Debug|Any CPU.Build.0 = Debug|Any CPU
		{84A93DA3-2FD0-7554-72B9-2D96BFDDDCEB}.Release|Any CPU.ActiveCfg = Release|Any CPU
		{84A93DA3-2FD0-7554-72B9-2D96BFDDDCEB}.Release|Any CPU.Build.0 = Release|Any CPU
		{BB066869-A09B-8EDF-80A6-6604265B58A5}.Debug|Any CPU.ActiveCfg = Debug|Any CPU
		{BB066869-A09B-8EDF-80A6-6604265B58A5}.Debug|Any CPU.Build.0 = Debug|Any CPU
		{BB066869-A09B-8EDF-80A6-6604265B58A5}.Release|Any CPU.ActiveCfg = Release|Any CPU
		{BB066869-A09B-8EDF-80A6-6604265B58A5}.Release|Any CPU.Build.0 = Release|Any CPU
	EndGlobalSection
	GlobalSection(SolutionProperties) = preSolution
		HideSolutionNode = FALSE
	EndGlobalSection
EndGlobal
